
Microsoft Visual Studio Solution File, Format Version 12.00
# Visual Studio Version 16
VisualStudioVersion = 16.0.30204.135
MinimumVisualStudioVersion = 10.0.40219.1
Project("{9A19103F-16F7-4668-BE54-9A1E7A4F7556}") = "FacadeSingleton", "FacadeSingleton\FacadeSingleton.csproj", "{6E64591E-081E-44D2-A67F-005CACFB52E3}"
EndProject
Project("{9A19103F-16F7-4668-BE54-9A1E7A4F7556}") = "Factory", "Factory\Factory.csproj", "{6DF47369-2C10-43E6-9370-F01D3E9D7870}"
EndProject
Project("{9A19103F-16F7-4668-BE54-9A1E7A4F7556}") = "FlyWeight", "FlyWeight\FlyWeight.csproj", "{99ECEBEA-86C6-4968-ABE7-DFEDA664BF5A}"
EndProject
Project("{9A19103F-16F7-4668-BE54-9A1E7A4F7556}") = "Memento", "Memento\Memento.csproj", "{04AA2B79-9EAC-42BB-B873-BB0863EA9245}"
EndProject
Project("{9A19103F-16F7-4668-BE54-9A1E7A4F7556}") = "Interpreter", "Interpreter\Interpreter.csproj", "{150EF954-AADC-4424-9B37-CC742CAD3EE4}"
EndProject
Project("{9A19103F-16F7-4668-BE54-9A1E7A4F7556}") = "Visitor", "Visitor\Visitor.csproj", "{B08C95C1-1331-45C2-86A0-09B9F72E031E}"
EndProject
Project("{FAE04EC0-301F-11D3-BF4B-00C04F79EFBC}") = "Bridge", "Bridge\Bridge.csproj", "{C3050A28-3506-48DD-BCDF-9931B0C90775}"
EndProject
Global
	GlobalSection(SolutionConfigurationPlatforms) = preSolution
		Debug|Any CPU = Debug|Any CPU
		Release|Any CPU = Release|Any CPU
	EndGlobalSection
	GlobalSection(ProjectConfigurationPlatforms) = postSolution
		{6E64591E-081E-44D2-A67F-005CACFB52E3}.Debug|Any CPU.ActiveCfg = Debug|Any CPU
		{6E64591E-081E-44D2-A67F-005CACFB52E3}.Debug|Any CPU.Build.0 = Debug|Any CPU
		{6E64591E-081E-44D2-A67F-005CACFB52E3}.Release|Any CPU.ActiveCfg = Release|Any CPU
		{6E64591E-081E-44D2-A67F-005CACFB52E3}.Release|Any CPU.Build.0 = Release|Any CPU
		{6DF47369-2C10-43E6-9370-F01D3E9D7870}.Debug|Any CPU.ActiveCfg = Debug|Any CPU
		{6DF47369-2C10-43E6-9370-F01D3E9D7870}.Debug|Any CPU.Build.0 = Debug|Any CPU
		{6DF47369-2C10-43E6-9370-F01D3E9D7870}.Release|Any CPU.ActiveCfg = Release|Any CPU
		{6DF47369-2C10-43E6-9370-F01D3E9D7870}.Release|Any CPU.Build.0 = Release|Any CPU
		{99ECEBEA-86C6-4968-ABE7-DFEDA664BF5A}.Debug|Any CPU.ActiveCfg = Debug|Any CPU
		{99ECEBEA-86C6-4968-ABE7-DFEDA664BF5A}.Debug|Any CPU.Build.0 = Debug|Any CPU
		{99ECEBEA-86C6-4968-ABE7-DFEDA664BF5A}.Release|Any CPU.ActiveCfg = Release|Any CPU
		{99ECEBEA-86C6-4968-ABE7-DFEDA664BF5A}.Release|Any CPU.Build.0 = Release|Any CPU
		{04AA2B79-9EAC-42BB-B873-BB0863EA9245}.Debug|Any CPU.ActiveCfg = Debug|Any CPU
		{04AA2B79-9EAC-42BB-B873-BB0863EA9245}.Debug|Any CPU.Build.0 = Debug|Any CPU
		{04AA2B79-9EAC-42BB-B873-BB0863EA9245}.Release|Any CPU.ActiveCfg = Release|Any CPU
		{04AA2B79-9EAC-42BB-B873-BB0863EA9245}.Release|Any CPU.Build.0 = Release|Any CPU
		{150EF954-AADC-4424-9B37-CC742CAD3EE4}.Debug|Any CPU.ActiveCfg = Debug|Any CPU
		{150EF954-AADC-4424-9B37-CC742CAD3EE4}.Debug|Any CPU.Build.0 = Debug|Any CPU
		{150EF954-AADC-4424-9B37-CC742CAD3EE4}.Release|Any CPU.ActiveCfg = Release|Any CPU
		{150EF954-AADC-4424-9B37-CC742CAD3EE4}.Release|Any CPU.Build.0 = Release|Any CPU
		{B08C95C1-1331-45C2-86A0-09B9F72E031E}.Debug|Any CPU.ActiveCfg = Debug|Any CPU
		{B08C95C1-1331-45C2-86A0-09B9F72E031E}.Debug|Any CPU.Build.0 = Debug|Any CPU
		{B08C95C1-1331-45C2-86A0-09B9F72E031E}.Release|Any CPU.ActiveCfg = Release|Any CPU
		{B08C95C1-1331-45C2-86A0-09B9F72E031E}.Release|Any CPU.Build.0 = Release|Any CPU
		{C3050A28-3506-48DD-BCDF-9931B0C90775}.Debug|Any CPU.ActiveCfg = Debug|Any CPU
		{C3050A28-3506-48DD-BCDF-9931B0C90775}.Debug|Any CPU.Build.0 = Debug|Any CPU
		{C3050A28-3506-48DD-BCDF-9931B0C90775}.Release|Any CPU.ActiveCfg = Release|Any CPU
		{C3050A28-3506-48DD-BCDF-9931B0C90775}.Release|Any CPU.Build.0 = Release|Any CPU
	EndGlobalSection
	GlobalSection(SolutionProperties) = preSolution
		HideSolutionNode = FALSE
	EndGlobalSection
	GlobalSection(ExtensibilityGlobals) = postSolution
		SolutionGuid = {9C85BE44-F92F-48E3-B838-DE7102484B0F}
	EndGlobalSection
EndGlobal
